
Microsoft Visual Studio Solution File, Format Version 12.00
# Visual Studio Version 16
VisualStudioVersion = 16.0.30621.155
MinimumVisualStudioVersion = 10.0.40219.1
Project("{FAE04EC0-301F-11D3-BF4B-00C04F79EFBC}") = "ElementHelper", "ElementHelper\ElementHelper.csproj", "{11A2AA36-FFA9-40C0-91FF-8271CBD5CF72}"
EndProject
Global
	GlobalSection(SolutionConfigurationPlatforms) = preSolution
		Debug|Any CPU = Debug|Any CPU
		Release|Any CPU = Release|Any CPU
	EndGlobalSection
	GlobalSection(ProjectConfigurationPlatforms) = postSolution
		{11A2AA36-FFA9-40C0-91FF-8271CBD5CF72}.Debug|Any CPU.ActiveCfg = Debug|Any CPU
		{11A2AA36-FFA9-40C0-91FF-8271CBD5CF72}.Debug|Any CPU.Build.0 = Debug|Any CPU
		{11A2AA36-FFA9-40C0-91FF-8271CBD5CF72}.Release|Any CPU.ActiveCfg = Release|Any CPU
		{11A2AA36-FFA9-40C0-91FF-8271CBD5CF72}.Release|Any CPU.Build.0 = Release|Any CPU
	EndGlobalSection
	GlobalSection(SolutionProperties) = preSolution
		HideSolutionNode = FALSE
	EndGlobalSection
	GlobalSection(ExtensibilityGlobals) = postSolution
		SolutionGuid = {A3BE0BB4-02BD-4A9E-B71A-B302E2F02AC6}
	EndGlobalSection
EndGlobal
